
Microsoft Visual Studio Solution File, Format Version 12.00
# Visual Studio 14
VisualStudioVersion = 14.0.25420.1
MinimumVisualStudioVersion = 10.0.40219.1
Project("{FAE04EC0-301F-11D3-BF4B-00C04F79EFBC}") = "01.Database", "01.Database\01.Database.csproj", "{251DE535-4532-4C5D-A69C-9C07FB0A2505}"
EndProject
Project("{FAE04EC0-301F-11D3-BF4B-00C04F79EFBC}") = "01.Database.Tests", "01.Database.Tests\01.Database.Tests.csproj", "{D61B754D-FB41-4479-8999-C61FB0AD1D7C}"
EndProject
Project("{FAE04EC0-301F-11D3-BF4B-00C04F79EFBC}") = "03.Iterator", "03.Iterator\03.Iterator.csproj", "{A143C885-E4F2-433B-9987-D03614144875}"
EndProject
Project("{FAE04EC0-301F-11D3-BF4B-00C04F79EFBC}") = "03.Iterator.Tests", "03.Iterator.Tests\03.Iterator.Tests.csproj", "{764538F9-D5BB-49AC-8C97-0C2939CC03DD}"
EndProject
Global
	GlobalSection(SolutionConfigurationPlatforms) = preSolution
		Debug|Any CPU = Debug|Any CPU
		Release|Any CPU = Release|Any CPU
	EndGlobalSection
	GlobalSection(ProjectConfigurationPlatforms) = postSolution
		{251DE535-4532-4C5D-A69C-9C07FB0A2505}.Debug|Any CPU.ActiveCfg = Debug|Any CPU
		{251DE535-4532-4C5D-A69C-9C07FB0A2505}.Debug|Any CPU.Build.0 = Debug|Any CPU
		{251DE535-4532-4C5D-A69C-9C07FB0A2505}.Release|Any CPU.ActiveCfg = Release|Any CPU
		{251DE535-4532-4C5D-A69C-9C07FB0A2505}.Release|Any CPU.Build.0 = Release|Any CPU
		{D61B754D-FB41-4479-8999-C61FB0AD1D7C}.Debug|Any CPU.ActiveCfg = Debug|Any CPU
		{D61B754D-FB41-4479-8999-C61FB0AD1D7C}.Debug|Any CPU.Build.0 = Debug|Any CPU
		{D61B754D-FB41-4479-8999-C61FB0AD1D7C}.Release|Any CPU.ActiveCfg = Release|Any CPU
		{D61B754D-FB41-4479-8999-C61FB0AD1D7C}.Release|Any CPU.Build.0 = Release|Any CPU
		{A143C885-E4F2-433B-9987-D03614144875}.Debug|Any CPU.ActiveCfg = Debug|Any CPU
		{A143C885-E4F2-433B-9987-D03614144875}.Debug|Any CPU.Build.0 = Debug|Any CPU
		{A143C885-E4F2-433B-9987-D03614144875}.Release|Any CPU.ActiveCfg = Release|Any CPU
		{A143C885-E4F2-433B-9987-D03614144875}.Release|Any CPU.Build.0 = Release|Any CPU
		{764538F9-D5BB-49AC-8C97-0C2939CC03DD}.Debug|Any CPU.ActiveCfg = Debug|Any CPU
		{764538F9-D5BB-49AC-8C97-0C2939CC03DD}.Debug|Any CPU.Build.0 = Debug|Any CPU
		{764538F9-D5BB-49AC-8C97-0C2939CC03DD}.Release|Any CPU.ActiveCfg = Release|Any CPU
		{764538F9-D5BB-49AC-8C97-0C2939CC03DD}.Release|Any CPU.Build.0 = Release|Any CPU
	EndGlobalSection
	GlobalSection(SolutionProperties) = preSolution
		HideSolutionNode = FALSE
	EndGlobalSection
EndGlobal
