
Microsoft Visual Studio Solution File, Format Version 12.00
# Visual Studio 14
VisualStudioVersion = 14.0.25420.1
MinimumVisualStudioVersion = 10.0.40219.1
Project("{FAE04EC0-301F-11D3-BF4B-00C04F79EFBC}") = "01.Define an InterfaceI Person", "01.Define an InterfaceI Person\01.Define an InterfaceI Person.csproj", "{F181FCEC-19B2-4EE3-BCD0-2A4084188BF7}"
EndProject
Project("{FAE04EC0-301F-11D3-BF4B-00C04F79EFBC}") = "03.Ferrari", "03.Ferrari\03.Ferrari.csproj", "{1E8F0A4F-33B8-4005-89F0-152F199DF6C6}"
EndProject
Project("{FAE04EC0-301F-11D3-BF4B-00C04F79EFBC}") = "04.Telephony", "04.Telephony\04.Telephony.csproj", "{BCB72438-E89E-4A83-963C-C1FC1846CD57}"
EndProject
Project("{FAE04EC0-301F-11D3-BF4B-00C04F79EFBC}") = "05.Border Control", "05.Border Control\05.Border Control.csproj", "{AE2F3B36-A834-4383-865C-BFD407C082E0}"
EndProject
Global
	GlobalSection(SolutionConfigurationPlatforms) = preSolution
		Debug|Any CPU = Debug|Any CPU
		Release|Any CPU = Release|Any CPU
	EndGlobalSection
	GlobalSection(ProjectConfigurationPlatforms) = postSolution
		{F181FCEC-19B2-4EE3-BCD0-2A4084188BF7}.Debug|Any CPU.ActiveCfg = Debug|Any CPU
		{F181FCEC-19B2-4EE3-BCD0-2A4084188BF7}.Debug|Any CPU.Build.0 = Debug|Any CPU
		{F181FCEC-19B2-4EE3-BCD0-2A4084188BF7}.Release|Any CPU.ActiveCfg = Release|Any CPU
		{F181FCEC-19B2-4EE3-BCD0-2A4084188BF7}.Release|Any CPU.Build.0 = Release|Any CPU
		{1E8F0A4F-33B8-4005-89F0-152F199DF6C6}.Debug|Any CPU.ActiveCfg = Debug|Any CPU
		{1E8F0A4F-33B8-4005-89F0-152F199DF6C6}.Debug|Any CPU.Build.0 = Debug|Any CPU
		{1E8F0A4F-33B8-4005-89F0-152F199DF6C6}.Release|Any CPU.ActiveCfg = Release|Any CPU
		{1E8F0A4F-33B8-4005-89F0-152F199DF6C6}.Release|Any CPU.Build.0 = Release|Any CPU
		{BCB72438-E89E-4A83-963C-C1FC1846CD57}.Debug|Any CPU.ActiveCfg = Debug|Any CPU
		{BCB72438-E89E-4A83-963C-C1FC1846CD57}.Debug|Any CPU.Build.0 = Debug|Any CPU
		{BCB72438-E89E-4A83-963C-C1FC1846CD57}.Release|Any CPU.ActiveCfg = Release|Any CPU
		{BCB72438-E89E-4A83-963C-C1FC1846CD57}.Release|Any CPU.Build.0 = Release|Any CPU
		{AE2F3B36-A834-4383-865C-BFD407C082E0}.Debug|Any CPU.ActiveCfg = Debug|Any CPU
		{AE2F3B36-A834-4383-865C-BFD407C082E0}.Debug|Any CPU.Build.0 = Debug|Any CPU
		{AE2F3B36-A834-4383-865C-BFD407C082E0}.Release|Any CPU.ActiveCfg = Release|Any CPU
		{AE2F3B36-A834-4383-865C-BFD407C082E0}.Release|Any CPU.Build.0 = Release|Any CPU
	EndGlobalSection
	GlobalSection(SolutionProperties) = preSolution
		HideSolutionNode = FALSE
	EndGlobalSection
EndGlobal
